dependencies:
- name: main-service
  repository: file://../main-service
  version: 0.0.1
- name: tsn-service
  repository: file://../tsn-service
  version: 0.0.1
- name: monitor-service
  repository: file://../monitor-service
  version: 0.0.0
- name: onos-config
  repository: file://../onos-config
  version: 1.5.5
- name: onos-topo
  repository: file://../onos-topo
  version: 1.2.1
digest: sha256:f4297090c8a0b759dd63e89228b07893d1cb765073ae04ab9edc74a32d324d63
generated: "2022-06-30T11:16:37.2210038+02:00"
