dependencies:
- name: main-service
  repository: file://../main-service
  version: 0.0.1
- name: tsn-service
  repository: file://../tsn-service
  version: 0.0.1
- name: monitor-service
  repository: file://../monitor-service
  version: 0.0.0
- name: grpc-client
  repository: file://../grpc-client
  version: 0.0.0
digest: sha256:fdfb724d3ade454eeefe23a6d0a8c0606bce5e858e668283face9786836edd12
generated: "2022-06-28T20:12:50.6292683+02:00"
